
Microsoft Visual Studio Solution File, Format Version 12.00
# Visual Studio 15
VisualStudioVersion = 15.0.27130.2027
MinimumVisualStudioVersion = 10.0.40219.1
Project("{FAE04EC0-301F-11D3-BF4B-00C04F79EFBC}") = "ConsumeAndroidLibraryExample", "ConsumeAndroidLibraryExample\ConsumeAndroidLibraryExample.csproj", "{BE3DAAF6-115A-4415-AA8F-06423976F0B4}"
EndProject
Project("{FAE04EC0-301F-11D3-BF4B-00C04F79EFBC}") = "ConsumeAndroidLibraryApp", "ConsumeAndroidLibraryApp\ConsumeAndroidLibraryApp.csproj", "{44958ED9-46F8-4C03-86F9-EF3EA04F5D2B}"
EndProject
Global
	GlobalSection(SolutionConfigurationPlatforms) = preSolution
		Debug|Any CPU = Debug|Any CPU
		Release|Any CPU = Release|Any CPU
	EndGlobalSection
	GlobalSection(ProjectConfigurationPlatforms) = postSolution
		{BE3DAAF6-115A-4415-AA8F-06423976F0B4}.Debug|Any CPU.ActiveCfg = Debug|Any CPU
		{BE3DAAF6-115A-4415-AA8F-06423976F0B4}.Debug|Any CPU.Build.0 = Debug|Any CPU
		{BE3DAAF6-115A-4415-AA8F-06423976F0B4}.Release|Any CPU.ActiveCfg = Release|Any CPU
		{BE3DAAF6-115A-4415-AA8F-06423976F0B4}.Release|Any CPU.Build.0 = Release|Any CPU
		{44958ED9-46F8-4C03-86F9-EF3EA04F5D2B}.Debug|Any CPU.ActiveCfg = Debug|Any CPU
		{44958ED9-46F8-4C03-86F9-EF3EA04F5D2B}.Debug|Any CPU.Build.0 = Debug|Any CPU
		{44958ED9-46F8-4C03-86F9-EF3EA04F5D2B}.Debug|Any CPU.Deploy.0 = Debug|Any CPU
		{44958ED9-46F8-4C03-86F9-EF3EA04F5D2B}.Release|Any CPU.ActiveCfg = Release|Any CPU
		{44958ED9-46F8-4C03-86F9-EF3EA04F5D2B}.Release|Any CPU.Build.0 = Release|Any CPU
		{44958ED9-46F8-4C03-86F9-EF3EA04F5D2B}.Release|Any CPU.Deploy.0 = Release|Any CPU
	EndGlobalSection
	GlobalSection(SolutionProperties) = preSolution
		HideSolutionNode = FALSE
	EndGlobalSection
	GlobalSection(ExtensibilityGlobals) = postSolution
		SolutionGuid = {F7775DFE-0ABC-42D3-89F5-881DD919AD85}
	EndGlobalSection
EndGlobal
