// !$*UTF8*$!
{
	archiveVersion = 1;
	classes = {
	};
	objectVersion = 48;
	objects = {

/* Begin PBXBuildFile section */
		5D233BDA2034812200BE0466 /* InfoColorPicker.m in Sources */ = {isa = PBXBuildFile; fileRef = 5D233BD92034812200BE0466 /* InfoColorPicker.m */; };
		5D233BDB2034812200BE0466 /* InfoColorPicker.h in CopyFiles */ = {isa = PBXBuildFile; fileRef = 5D233BD82034812200BE0466 /* InfoColorPicker.h */; };
		5D233C0C2034818100BE0466 /* InfColorPickerNavigationController.m in Sources */ = {isa = PBXBuildFile; fileRef = 5D233BFC2034818000BE0466 /* InfColorPickerNavigationController.m */; };
		5D233C0D2034818100BE0466 /* InfColorIndicatorView.m in Sources */ = {isa = PBXBuildFile; fileRef = 5D233BFD2034818000BE0466 /* InfColorIndicatorView.m */; };
		5D233C0E2034818100BE0466 /* InfColorSquarePicker.m in Sources */ = {isa = PBXBuildFile; fileRef = 5D233BFE2034818000BE0466 /* InfColorSquarePicker.m */; };
		5D233C0F2034818100BE0466 /* InfHSBSupport.m in Sources */ = {isa = PBXBuildFile; fileRef = 5D233C032034818000BE0466 /* InfHSBSupport.m */; };
		5D233C102034818100BE0466 /* InfColorBarPicker.m in Sources */ = {isa = PBXBuildFile; fileRef = 5D233C052034818000BE0466 /* InfColorBarPicker.m */; };
		5D233C112034818100BE0466 /* InfColorPickerController.m in Sources */ = {isa = PBXBuildFile; fileRef = 5D233C062034818100BE0466 /* InfColorPickerController.m */; };
		5D233C122034818100BE0466 /* InfSourceColorView.m in Sources */ = {isa = PBXBuildFile; fileRef = 5D233C092034818100BE0466 /* InfSourceColorView.m */; };
		5D233C15203481D900BE0466 /* Foundation.framework in Frameworks */ = {isa = PBXBuildFile; fileRef = 5D233C14203481D800BE0466 /* Foundation.framework */; };
		5D233C17203481E900BE0466 /* UIKit.framework in Frameworks */ = {isa = PBXBuildFile; fileRef = 5D233C16203481E900BE0466 /* UIKit.framework */; };
		5D233C19203481F700BE0466 /* CoreGraphics.framework in Frameworks */ = {isa = PBXBuildFile; fileRef = 5D233C18203481F700BE0466 /* CoreGraphics.framework */; };
		5D233C1B2034829900BE0466 /* Makefile in Sources */ = {isa = PBXBuildFile; fileRef = 5D233C1A2034829900BE0466 /* Makefile */; };
/* End PBXBuildFile section */

/* Begin PBXCopyFilesBuildPhase section */
		5D233BD32034812200BE0466 /* CopyFiles */ = {
			isa = PBXCopyFilesBuildPhase;
			buildActionMask = 2147483647;
			dstPath = "include/$(PRODUCT_NAME)";
			dstSubfolderSpec = 16;
			files = (
				5D233BDB2034812200BE0466 /* InfoColorPicker.h in CopyFiles */,
			);
			runOnlyForDeploymentPostprocessing = 0;
		};
/* End PBXCopyFilesBuildPhase section */

/* Begin PBXFileReference section */
		5D233BD52034812200BE0466 /* libInfoColorPicker.a */ = {isa = PBXFileReference; explicitFileType = archive.ar; includeInIndex = 0; path = libInfoColorPicker.a; sourceTree = BUILT_PRODUCTS_DIR; };
		5D233BD82034812200BE0466 /* InfoColorPicker.h */ = {isa = PBXFileReference; lastKnownFileType = sourcecode.c.h; path = InfoColorPicker.h; sourceTree = "<group>"; };
		5D233BD92034812200BE0466 /* InfoColorPicker.m */ = {isa = PBXFileReference; lastKnownFileType = sourcecode.c.objc; path = InfoColorPicker.m; sourceTree = "<group>"; };
		5D233BFC2034818000BE0466 /* InfColorPickerNavigationController.m */ = {isa = PBXFileReference; fileEncoding = 4; lastKnownFileType = sourcecode.c.objc; path = InfColorPickerNavigationController.m; sourceTree = "<group>"; };
		5D233BFD2034818000BE0466 /* InfColorIndicatorView.m */ = {isa = PBXFileReference; fileEncoding = 4; lastKnownFileType = sourcecode.c.objc; path = InfColorIndicatorView.m; sourceTree = "<group>"; };
		5D233BFE2034818000BE0466 /* InfColorSquarePicker.m */ = {isa = PBXFileReference; fileEncoding = 4; lastKnownFileType = sourcecode.c.objc; path = InfColorSquarePicker.m; sourceTree = "<group>"; };
		5D233BFF2034818000BE0466 /* InfHSBSupport.h */ = {isa = PBXFileReference; fileEncoding = 4; lastKnownFileType = sourcecode.c.h; path = InfHSBSupport.h; sourceTree = "<group>"; };
		5D233C002034818000BE0466 /* InfColorSquarePicker.h */ = {isa = PBXFileReference; fileEncoding = 4; lastKnownFileType = sourcecode.c.h; path = InfColorSquarePicker.h; sourceTree = "<group>"; };
		5D233C012034818000BE0466 /* InfColorPickerView.xib */ = {isa = PBXFileReference; fileEncoding = 4; lastKnownFileType = file.xib; path = InfColorPickerView.xib; sourceTree = "<group>"; };
		5D233C022034818000BE0466 /* InfColorPicker.h */ = {isa = PBXFileReference; fileEncoding = 4; lastKnownFileType = sourcecode.c.h; path = InfColorPicker.h; sourceTree = "<group>"; };
		5D233C032034818000BE0466 /* InfHSBSupport.m */ = {isa = PBXFileReference; fileEncoding = 4; lastKnownFileType = sourcecode.c.objc; path = InfHSBSupport.m; sourceTree = "<group>"; };
		5D233C042034818000BE0466 /* InfColorPickerNavigationController.h */ = {isa = PBXFileReference; fileEncoding = 4; lastKnownFileType = sourcecode.c.h; path = InfColorPickerNavigationController.h; sourceTree = "<group>"; };
		5D233C052034818000BE0466 /* InfColorBarPicker.m */ = {isa = PBXFileReference; fileEncoding = 4; lastKnownFileType = sourcecode.c.objc; path = InfColorBarPicker.m; sourceTree = "<group>"; };
		5D233C062034818100BE0466 /* InfColorPickerController.m */ = {isa = PBXFileReference; fileEncoding = 4; lastKnownFileType = sourcecode.c.objc; path = InfColorPickerController.m; sourceTree = "<group>"; };
		5D233C072034818100BE0466 /* InfSourceColorView.h */ = {isa = PBXFileReference; fileEncoding = 4; lastKnownFileType = sourcecode.c.h; path = InfSourceColorView.h; sourceTree = "<group>"; };
		5D233C082034818100BE0466 /* InfColorIndicatorView.h */ = {isa = PBXFileReference; fileEncoding = 4; lastKnownFileType = sourcecode.c.h; path = InfColorIndicatorView.h; sourceTree = "<group>"; };
		5D233C092034818100BE0466 /* InfSourceColorView.m */ = {isa = PBXFileReference; fileEncoding = 4; lastKnownFileType = sourcecode.c.objc; path = InfSourceColorView.m; sourceTree = "<group>"; };
		5D233C0A2034818100BE0466 /* InfColorBarPicker.h */ = {isa = PBXFileReference; fileEncoding = 4; lastKnownFileType = sourcecode.c.h; path = InfColorBarPicker.h; sourceTree = "<group>"; };
		5D233C0B2034818100BE0466 /* InfColorPickerController.h */ = {isa = PBXFileReference; fileEncoding = 4; lastKnownFileType = sourcecode.c.h; path = InfColorPickerController.h; sourceTree = "<group>"; };
		5D233C14203481D800BE0466 /* Foundation.framework */ = {isa = PBXFileReference; lastKnownFileType = wrapper.framework; name = Foundation.framework; path = System/Library/Frameworks/Foundation.framework; sourceTree = SDKROOT; };
		5D233C16203481E900BE0466 /* UIKit.framework */ = {isa = PBXFileReference; lastKnownFileType = wrapper.framework; name = UIKit.framework; path = System/Library/Frameworks/UIKit.framework; sourceTree = SDKROOT; };
		5D233C18203481F700BE0466 /* CoreGraphics.framework */ = {isa = PBXFileReference; lastKnownFileType = wrapper.framework; name = CoreGraphics.framework; path = System/Library/Frameworks/CoreGraphics.framework; sourceTree = SDKROOT; };
		5D233C1A2034829900BE0466 /* Makefile */ = {isa = PBXFileReference; lastKnownFileType = sourcecode.make; path = Makefile; sourceTree = "<group>"; };
/* End PBXFileReference section */

/* Begin PBXFrameworksBuildPhase section */
		5D233BD22034812200BE0466 /* Frameworks */ = {
			isa = PBXFrameworksBuildPhase;
			buildActionMask = 2147483647;
			files = (
				5D233C19203481F700BE0466 /* CoreGraphics.framework in Frameworks */,
				5D233C17203481E900BE0466 /* UIKit.framework in Frameworks */,
				5D233C15203481D900BE0466 /* Foundation.framework in Frameworks */,
			);
			runOnlyForDeploymentPostprocessing = 0;
		};
/* End PBXFrameworksBuildPhase section */

/* Begin PBXGroup section */
		5D233BCC2034812200BE0466 = {
			isa = PBXGroup;
			children = (
				5D233BD72034812200BE0466 /* InfoColorPicker */,
				5D233BD62034812200BE0466 /* Products */,
				5D233C13203481D800BE0466 /* Frameworks */,
			);
			sourceTree = "<group>";
		};
		5D233BD62034812200BE0466 /* Products */ = {
			isa = PBXGroup;
			children = (
				5D233BD52034812200BE0466 /* libInfoColorPicker.a */,
			);
			name = Products;
			sourceTree = "<group>";
		};
		5D233BD72034812200BE0466 /* InfoColorPicker */ = {
			isa = PBXGroup;
			children = (
				5D233C0A2034818100BE0466 /* InfColorBarPicker.h */,
				5D233C052034818000BE0466 /* InfColorBarPicker.m */,
				5D233C082034818100BE0466 /* InfColorIndicatorView.h */,
				5D233BFD2034818000BE0466 /* InfColorIndicatorView.m */,
				5D233C022034818000BE0466 /* InfColorPicker.h */,
				5D233C0B2034818100BE0466 /* InfColorPickerController.h */,
				5D233C062034818100BE0466 /* InfColorPickerController.m */,
				5D233C042034818000BE0466 /* InfColorPickerNavigationController.h */,
				5D233BFC2034818000BE0466 /* InfColorPickerNavigationController.m */,
				5D233C012034818000BE0466 /* InfColorPickerView.xib */,
				5D233C002034818000BE0466 /* InfColorSquarePicker.h */,
				5D233BFE2034818000BE0466 /* InfColorSquarePicker.m */,
				5D233BFF2034818000BE0466 /* InfHSBSupport.h */,
				5D233C032034818000BE0466 /* InfHSBSupport.m */,
				5D233C072034818100BE0466 /* InfSourceColorView.h */,
				5D233C092034818100BE0466 /* InfSourceColorView.m */,
				5D233BD82034812200BE0466 /* InfoColorPicker.h */,
				5D233BD92034812200BE0466 /* InfoColorPicker.m */,
				5D233C1A2034829900BE0466 /* Makefile */,
			);
			path = InfoColorPicker;
			sourceTree = "<group>";
		};
		5D233C13203481D800BE0466 /* Frameworks */ = {
			isa = PBXGroup;
			children = (
				5D233C18203481F700BE0466 /* CoreGraphics.framework */,
				5D233C16203481E900BE0466 /* UIKit.framework */,
				5D233C14203481D800BE0466 /* Foundation.framework */,
			);
			name = Frameworks;
			sourceTree = "<group>";
		};
/* End PBXGroup section */

/* Begin PBXNativeTarget section */
		5D233BD42034812200BE0466 /* InfoColorPicker */ = {
			isa = PBXNativeTarget;
			buildConfigurationList = 5D233BDE2034812200BE0466 /* Build configuration list for PBXNativeTarget "InfoColorPicker" */;
			buildPhases = (
				5D233BD12034812200BE0466 /* Sources */,
				5D233BD22034812200BE0466 /* Frameworks */,
				5D233BD32034812200BE0466 /* CopyFiles */,
			);
			buildRules = (
			);
			dependencies = (
			);
			name = InfoColorPicker;
			productName = InfoColorPicker;
			productReference = 5D233BD52034812200BE0466 /* libInfoColorPicker.a */;
			productType = "com.apple.product-type.library.static";
		};
/* End PBXNativeTarget section */

/* Begin PBXProject section */
		5D233BCD2034812200BE0466 /* Project object */ = {
			isa = PBXProject;
			attributes = {
				LastUpgradeCheck = 0920;
				ORGANIZATIONNAME = "VIJAY VEPAKOMMA";
				TargetAttributes = {
					5D233BD42034812200BE0466 = {
						CreatedOnToolsVersion = 9.2;
						ProvisioningStyle = Automatic;
					};
				};
			};
			buildConfigurationList = 5D233BD02034812200BE0466 /* Build configuration list for PBXProject "InfoColorPicker" */;
			compatibilityVersion = "Xcode 8.0";
			developmentRegion = en;
			hasScannedForEncodings = 0;
			knownRegions = (
				en,
			);
			mainGroup = 5D233BCC2034812200BE0466;
			productRefGroup = 5D233BD62034812200BE0466 /* Products */;
			projectDirPath = "";
			projectRoot = "";
			targets = (
				5D233BD42034812200BE0466 /* InfoColorPicker */,
			);
		};
/* End PBXProject section */

/* Begin PBXSourcesBuildPhase section */
		5D233BD12034812200BE0466 /* Sources */ = {
			isa = PBXSourcesBuildPhase;
			buildActionMask = 2147483647;
			files = (
				5D233C1B2034829900BE0466 /* Makefile in Sources */,
				5D233C0F2034818100BE0466 /* InfHSBSupport.m in Sources */,
				5D233C102034818100BE0466 /* InfColorBarPicker.m in Sources */,
				5D233C0E2034818100BE0466 /* InfColorSquarePicker.m in Sources */,
				5D233C0D2034818100BE0466 /* InfColorIndicatorView.m in Sources */,
				5D233BDA2034812200BE0466 /* InfoColorPicker.m in Sources */,
				5D233C112034818100BE0466 /* InfColorPickerController.m in Sources */,
				5D233C0C2034818100BE0466 /* InfColorPickerNavigationController.m in Sources */,
				5D233C122034818100BE0466 /* InfSourceColorView.m in Sources */,
			);
			runOnlyForDeploymentPostprocessing = 0;
		};
/* End PBXSourcesBuildPhase section */

/* Begin XCBuildConfiguration section */
		5D233BDC2034812200BE0466 /* Debug */ = {
			isa = XCBuildConfiguration;
			buildSettings = {
				ALWAYS_SEARCH_USER_PATHS = NO;
				CLANG_ANALYZER_NONNULL = YES;
				CLANG_ANALYZER_NUMBER_OBJECT_CONVERSION = YES_AGGRESSIVE;
				CLANG_CXX_LANGUAGE_STANDARD = "gnu++14";
				CLANG_CXX_LIBRARY = "libc++";
				CLANG_ENABLE_MODULES = YES;
				CLANG_ENABLE_OBJC_ARC = YES;
				CLANG_WARN_BLOCK_CAPTURE_AUTORELEASING = YES;
				CLANG_WARN_BOOL_CONVERSION = YES;
				CLANG_WARN_COMMA = YES;
				CLANG_WARN_CONSTANT_CONVERSION = YES;
				CLANG_WARN_DIRECT_OBJC_ISA_USAGE = YES_ERROR;
				CLANG_WARN_DOCUMENTATION_COMMENTS = YES;
				CLANG_WARN_EMPTY_BODY = YES;
				CLANG_WARN_ENUM_CONVERSION = YES;
				CLANG_WARN_INFINITE_RECURSION = YES;
				CLANG_WARN_INT_CONVERSION = YES;
				CLANG_WARN_NON_LITERAL_NULL_CONVERSION = YES;
				CLANG_WARN_OBJC_LITERAL_CONVERSION = YES;
				CLANG_WARN_OBJC_ROOT_CLASS = YES_ERROR;
				CLANG_WARN_RANGE_LOOP_ANALYSIS = YES;
				CLANG_WARN_STRICT_PROTOTYPES = YES;
				CLANG_WARN_SUSPICIOUS_MOVE = YES;
				CLANG_WARN_UNGUARDED_AVAILABILITY = YES_AGGRESSIVE;
				CLANG_WARN_UNREACHABLE_CODE = YES;
				CLANG_WARN__DUPLICATE_METHOD_MATCH = YES;
				CODE_SIGN_IDENTITY = "iPhone Developer";
				COPY_PHASE_STRIP = NO;
				DEBUG_INFORMATION_FORMAT = dwarf;
				ENABLE_STRICT_OBJC_MSGSEND = YES;
				ENABLE_TESTABILITY = YES;
				GCC_C_LANGUAGE_STANDARD = gnu11;
				GCC_DYNAMIC_NO_PIC = NO;
				GCC_NO_COMMON_BLOCKS = YES;
				GCC_OPTIMIZATION_LEVEL = 0;
				GCC_PREPROCESSOR_DEFINITIONS = (
					"DEBUG=1",
					"$(inherited)",
				);
				GCC_WARN_64_TO_32_BIT_CONVERSION = YES;
				GCC_WARN_ABOUT_RETURN_TYPE = YES_ERROR;
				GCC_WARN_UNDECLARED_SELECTOR = YES;
				GCC_WARN_UNINITIALIZED_AUTOS = YES_AGGRESSIVE;
				GCC_WARN_UNUSED_FUNCTION = YES;
				GCC_WARN_UNUSED_VARIABLE = YES;
				IPHONEOS_DEPLOYMENT_TARGET = 11.2;
				MTL_ENABLE_DEBUG_INFO = YES;
				ONLY_ACTIVE_ARCH = YES;
				SDKROOT = iphoneos;
			};
			name = Debug;
		};
		5D233BDD2034812200BE0466 /* Release */ = {
			isa = XCBuildConfiguration;
			buildSettings = {
				ALWAYS_SEARCH_USER_PATHS = NO;
				CLANG_ANALYZER_NONNULL = YES;
				CLANG_ANALYZER_NUMBER_OBJECT_CONVERSION = YES_AGGRESSIVE;
				CLANG_CXX_LANGUAGE_STANDARD = "gnu++14";
				CLANG_CXX_LIBRARY = "libc++";
				CLANG_ENABLE_MODULES = YES;
				CLANG_ENABLE_OBJC_ARC = YES;
				CLANG_WARN_BLOCK_CAPTURE_AUTORELEASING = YES;
				CLANG_WARN_BOOL_CONVERSION = YES;
				CLANG_WARN_COMMA = YES;
				CLANG_WARN_CONSTANT_CONVERSION = YES;
				CLANG_WARN_DIRECT_OBJC_ISA_USAGE = YES_ERROR;
				CLANG_WARN_DOCUMENTATION_COMMENTS = YES;
				CLANG_WARN_EMPTY_BODY = YES;
				CLANG_WARN_ENUM_CONVERSION = YES;
				CLANG_WARN_INFINITE_RECURSION = YES;
				CLANG_WARN_INT_CONVERSION = YES;
				CLANG_WARN_NON_LITERAL_NULL_CONVERSION = YES;
				CLANG_WARN_OBJC_LITERAL_CONVERSION = YES;
				CLANG_WARN_OBJC_ROOT_CLASS = YES_ERROR;
				CLANG_WARN_RANGE_LOOP_ANALYSIS = YES;
				CLANG_WARN_STRICT_PROTOTYPES = YES;
				CLANG_WARN_SUSPICIOUS_MOVE = YES;
				CLANG_WARN_UNGUARDED_AVAILABILITY = YES_AGGRESSIVE;
				CLANG_WARN_UNREACHABLE_CODE = YES;
				CLANG_WARN__DUPLICATE_METHOD_MATCH = YES;
				CODE_SIGN_IDENTITY = "iPhone Developer";
				COPY_PHASE_STRIP = NO;
				DEBUG_INFORMATION_FORMAT = "dwarf-with-dsym";
				ENABLE_NS_ASSERTIONS = NO;
				ENABLE_STRICT_OBJC_MSGSEND = YES;
				GCC_C_LANGUAGE_STANDARD = gnu11;
				GCC_NO_COMMON_BLOCKS = YES;
				GCC_WARN_64_TO_32_BIT_CONVERSION = YES;
				GCC_WARN_ABOUT_RETURN_TYPE = YES_ERROR;
				GCC_WARN_UNDECLARED_SELECTOR = YES;
				GCC_WARN_UNINITIALIZED_AUTOS = YES_AGGRESSIVE;
				GCC_WARN_UNUSED_FUNCTION = YES;
				GCC_WARN_UNUSED_VARIABLE = YES;
				IPHONEOS_DEPLOYMENT_TARGET = 11.2;
				MTL_ENABLE_DEBUG_INFO = NO;
				SDKROOT = iphoneos;
				VALIDATE_PRODUCT = YES;
			};
			name = Release;
		};
		5D233BDF2034812200BE0466 /* Debug */ = {
			isa = XCBuildConfiguration;
			buildSettings = {
				CODE_SIGN_STYLE = Automatic;
				DEVELOPMENT_TEAM = 4B9YXZ39CA;
				IPHONEOS_DEPLOYMENT_TARGET = 9.3;
				OTHER_LDFLAGS = "-ObjC";
				PRODUCT_NAME = "$(TARGET_NAME)";
				SKIP_INSTALL = YES;
				TARGETED_DEVICE_FAMILY = "1,2";
			};
			name = Debug;
		};
		5D233BE02034812200BE0466 /* Release */ = {
			isa = XCBuildConfiguration;
			buildSettings = {
				CODE_SIGN_STYLE = Automatic;
				DEVELOPMENT_TEAM = 4B9YXZ39CA;
				IPHONEOS_DEPLOYMENT_TARGET = 9.3;
				OTHER_LDFLAGS = "-ObjC";
				PRODUCT_NAME = "$(TARGET_NAME)";
				SKIP_INSTALL = YES;
				TARGETED_DEVICE_FAMILY = "1,2";
			};
			name = Release;
		};
/* End XCBuildConfiguration section */

/* Begin XCConfigurationList section */
		5D233BD02034812200BE0466 /* Build configuration list for PBXProject "InfoColorPicker" */ = {
			isa = XCConfigurationList;
			buildConfigurations = (
				5D233BDC2034812200BE0466 /* Debug */,
				5D233BDD2034812200BE0466 /* Release */,
			);
			defaultConfigurationIsVisible = 0;
			defaultConfigurationName = Release;
		};
		5D233BDE2034812200BE0466 /* Build configuration list for PBXNativeTarget "InfoColorPicker" */ = {
			isa = XCConfigurationList;
			buildConfigurations = (
				5D233BDF2034812200BE0466 /* Debug */,
				5D233BE02034812200BE0466 /* Release */,
			);
			defaultConfigurationIsVisible = 0;
			defaultConfigurationName = Release;
		};
/* End XCConfigurationList section */
	};
	rootObject = 5D233BCD2034812200BE0466 /* Project object */;
}
